
Microsoft Visual Studio Solution File, Format Version 12.00
# Visual Studio Version 17
VisualStudioVersion = 17.10.35013.160
MinimumVisualStudioVersion = 10.0.40219.1
Project("{FAE04EC0-301F-11D3-BF4B-00C04F79EFBC}") = "Kullanici", "Kullanici\Kullanici.csproj", "{E557EABD-1543-4774-87FC-3699B1498D00}"
EndProject
Global
	GlobalSection(SolutionConfigurationPlatforms) = preSolution
		Debug|Any CPU = Debug|Any CPU
		Release|Any CPU = Release|Any CPU
	EndGlobalSection
	GlobalSection(ProjectConfigurationPlatforms) = postSolution
		{E557EABD-1543-4774-87FC-3699B1498D00}.Debug|Any CPU.ActiveCfg = Debug|Any CPU
		{E557EABD-1543-4774-87FC-3699B1498D00}.Debug|Any CPU.Build.0 = Debug|Any CPU
		{E557EABD-1543-4774-87FC-3699B1498D00}.Release|Any CPU.ActiveCfg = Release|Any CPU
		{E557EABD-1543-4774-87FC-3699B1498D00}.Release|Any CPU.Build.0 = Release|Any CPU
	EndGlobalSection
	GlobalSection(SolutionProperties) = preSolution
		HideSolutionNode = FALSE
	EndGlobalSection
	GlobalSection(ExtensibilityGlobals) = postSolution
		SolutionGuid = {C8E0870D-4832-43AB-BAAA-B3AA88BF117E}
	EndGlobalSection
EndGlobal
